
Microsoft Visual Studio Solution File, Format Version 12.00
# Visual Studio Version 16
VisualStudioVersion = 16.0.30717.126
MinimumVisualStudioVersion = 10.0.40219.1
Project("{9A19103F-16F7-4668-BE54-9A1E7A4F7556}") = "BlogAppApi", "BlogAppApi\BlogAppApi.csproj", "{5EA3F944-8A47-4F68-B953-4DE5E330D683}"
EndProject
Project("{9A19103F-16F7-4668-BE54-9A1E7A4F7556}") = "BlogAppApi.Core", "BlogAppApi.Core\BlogAppApi.Core.csproj", "{9DA81018-BC2C-472D-B04C-3082DFFFF96D}"
EndProject
Project("{9A19103F-16F7-4668-BE54-9A1E7A4F7556}") = "BlogAppApi.Data", "BlogAppApi.Data\BlogAppApi.Data.csproj", "{02CD0EF7-EA1B-4B0F-AD95-AF144374E56D}"
EndProject
Project("{9A19103F-16F7-4668-BE54-9A1E7A4F7556}") = "BlogAppApi.Service", "BlogAppApi.Service\BlogAppApi.Service.csproj", "{A092FAB8-A6D6-42D5-8F07-6DA91D046E68}"
EndProject
Project("{9A19103F-16F7-4668-BE54-9A1E7A4F7556}") = "SharedLibrary", "SharedLibrary\SharedLibrary.csproj", "{C2CE2A30-879F-405D-8AD8-25B65A645384}"
EndProject
Global
	GlobalSection(SolutionConfigurationPlatforms) = preSolution
		Debug|Any CPU = Debug|Any CPU
		Release|Any CPU = Release|Any CPU
	EndGlobalSection
	GlobalSection(ProjectConfigurationPlatforms) = postSolution
		{5EA3F944-8A47-4F68-B953-4DE5E330D683}.Debug|Any CPU.ActiveCfg = Debug|Any CPU
		{5EA3F944-8A47-4F68-B953-4DE5E330D683}.Debug|Any CPU.Build.0 = Debug|Any CPU
		{5EA3F944-8A47-4F68-B953-4DE5E330D683}.Release|Any CPU.ActiveCfg = Release|Any CPU
		{5EA3F944-8A47-4F68-B953-4DE5E330D683}.Release|Any CPU.Build.0 = Release|Any CPU
		{9DA81018-BC2C-472D-B04C-3082DFFFF96D}.Debug|Any CPU.ActiveCfg = Debug|Any CPU
		{9DA81018-BC2C-472D-B04C-3082DFFFF96D}.Debug|Any CPU.Build.0 = Debug|Any CPU
		{9DA81018-BC2C-472D-B04C-3082DFFFF96D}.Release|Any CPU.ActiveCfg = Release|Any CPU
		{9DA81018-BC2C-472D-B04C-3082DFFFF96D}.Release|Any CPU.Build.0 = Release|Any CPU
		{02CD0EF7-EA1B-4B0F-AD95-AF144374E56D}.Debug|Any CPU.ActiveCfg = Debug|Any CPU
		{02CD0EF7-EA1B-4B0F-AD95-AF144374E56D}.Debug|Any CPU.Build.0 = Debug|Any CPU
		{02CD0EF7-EA1B-4B0F-AD95-AF144374E56D}.Release|Any CPU.ActiveCfg = Release|Any CPU
		{02CD0EF7-EA1B-4B0F-AD95-AF144374E56D}.Release|Any CPU.Build.0 = Release|Any CPU
		{A092FAB8-A6D6-42D5-8F07-6DA91D046E68}.Debug|Any CPU.ActiveCfg = Debug|Any CPU
		{A092FAB8-A6D6-42D5-8F07-6DA91D046E68}.Debug|Any CPU.Build.0 = Debug|Any CPU
		{A092FAB8-A6D6-42D5-8F07-6DA91D046E68}.Release|Any CPU.ActiveCfg = Release|Any CPU
		{A092FAB8-A6D6-42D5-8F07-6DA91D046E68}.Release|Any CPU.Build.0 = Release|Any CPU
		{C2CE2A30-879F-405D-8AD8-25B65A645384}.Debug|Any CPU.ActiveCfg = Debug|Any CPU
		{C2CE2A30-879F-405D-8AD8-25B65A645384}.Debug|Any CPU.Build.0 = Debug|Any CPU
		{C2CE2A30-879F-405D-8AD8-25B65A645384}.Release|Any CPU.ActiveCfg = Release|Any CPU
		{C2CE2A30-879F-405D-8AD8-25B65A645384}.Release|Any CPU.Build.0 = Release|Any CPU
	EndGlobalSection
	GlobalSection(SolutionProperties) = preSolution
		HideSolutionNode = FALSE
	EndGlobalSection
	GlobalSection(ExtensibilityGlobals) = postSolution
		SolutionGuid = {5A149EFF-4403-47FE-9D37-33CDFAAA9CBA}
	EndGlobalSection
EndGlobal
